
Microsoft Visual Studio Solution File, Format Version 12.00
# Visual Studio Version 16
VisualStudioVersion = 16.6.30114.105
MinimumVisualStudioVersion = 10.0.40219.1
Project("{FAE04EC0-301F-11D3-BF4B-00C04F79EFBC}") = "msquic", "lib\msquic.csproj", "{EE202EA3-7F1D-46FF-9DC9-3BD7AA7845AE}"
EndProject
Project("{FAE04EC0-301F-11D3-BF4B-00C04F79EFBC}") = "MsQuicTool", "tool\MsQuicTool.csproj", "{16C9720E-1875-4953-A03B-A290411B9DF4}"
EndProject
Project("{2150E333-8FDC-42A3-9474-1A3956D46DE8}") = "chat", "chat", "{4CC6C4A5-F59C-44CC-A50D-92B4358A1B6B}"
EndProject
Project("{FAE04EC0-301F-11D3-BF4B-00C04F79EFBC}") = "QuicChatLib", "chat\QuicChatLib\QuicChatLib.csproj", "{077E849A-38B6-466F-A684-71F2F3B8A319}"
EndProject
Project("{FAE04EC0-301F-11D3-BF4B-00C04F79EFBC}") = "ConsoleChat", "chat\ConsoleChat\ConsoleChat.csproj", "{F19152D1-D5F6-4ECA-B56F-B0FBB392DF7B}"
EndProject
Global
	GlobalSection(SolutionConfigurationPlatforms) = preSolution
		Debug|Any CPU = Debug|Any CPU
		Debug|x64 = Debug|x64
		Debug|x86 = Debug|x86
		Release|Any CPU = Release|Any CPU
		Release|x64 = Release|x64
		Release|x86 = Release|x86
	EndGlobalSection
	GlobalSection(SolutionProperties) = preSolution
		HideSolutionNode = FALSE
	EndGlobalSection
	GlobalSection(ProjectConfigurationPlatforms) = postSolution
		{EE202EA3-7F1D-46FF-9DC9-3BD7AA7845AE}.Debug|Any CPU.ActiveCfg = Debug|Any CPU
		{EE202EA3-7F1D-46FF-9DC9-3BD7AA7845AE}.Debug|Any CPU.Build.0 = Debug|Any CPU
		{EE202EA3-7F1D-46FF-9DC9-3BD7AA7845AE}.Debug|x64.ActiveCfg = Debug|Any CPU
		{EE202EA3-7F1D-46FF-9DC9-3BD7AA7845AE}.Debug|x64.Build.0 = Debug|Any CPU
		{EE202EA3-7F1D-46FF-9DC9-3BD7AA7845AE}.Debug|x86.ActiveCfg = Debug|Any CPU
		{EE202EA3-7F1D-46FF-9DC9-3BD7AA7845AE}.Debug|x86.Build.0 = Debug|Any CPU
		{EE202EA3-7F1D-46FF-9DC9-3BD7AA7845AE}.Release|Any CPU.ActiveCfg = Release|Any CPU
		{EE202EA3-7F1D-46FF-9DC9-3BD7AA7845AE}.Release|Any CPU.Build.0 = Release|Any CPU
		{EE202EA3-7F1D-46FF-9DC9-3BD7AA7845AE}.Release|x64.ActiveCfg = Release|Any CPU
		{EE202EA3-7F1D-46FF-9DC9-3BD7AA7845AE}.Release|x64.Build.0 = Release|Any CPU
		{EE202EA3-7F1D-46FF-9DC9-3BD7AA7845AE}.Release|x86.ActiveCfg = Release|Any CPU
		{EE202EA3-7F1D-46FF-9DC9-3BD7AA7845AE}.Release|x86.Build.0 = Release|Any CPU
		{16C9720E-1875-4953-A03B-A290411B9DF4}.Debug|Any CPU.ActiveCfg = Debug|Any CPU
		{16C9720E-1875-4953-A03B-A290411B9DF4}.Debug|Any CPU.Build.0 = Debug|Any CPU
		{16C9720E-1875-4953-A03B-A290411B9DF4}.Debug|x64.ActiveCfg = Debug|Any CPU
		{16C9720E-1875-4953-A03B-A290411B9DF4}.Debug|x64.Build.0 = Debug|Any CPU
		{16C9720E-1875-4953-A03B-A290411B9DF4}.Debug|x86.ActiveCfg = Debug|Any CPU
		{16C9720E-1875-4953-A03B-A290411B9DF4}.Debug|x86.Build.0 = Debug|Any CPU
		{16C9720E-1875-4953-A03B-A290411B9DF4}.Release|Any CPU.ActiveCfg = Release|Any CPU
		{16C9720E-1875-4953-A03B-A290411B9DF4}.Release|Any CPU.Build.0 = Release|Any CPU
		{16C9720E-1875-4953-A03B-A290411B9DF4}.Release|x64.ActiveCfg = Release|Any CPU
		{16C9720E-1875-4953-A03B-A290411B9DF4}.Release|x64.Build.0 = Release|Any CPU
		{16C9720E-1875-4953-A03B-A290411B9DF4}.Release|x86.ActiveCfg = Release|Any CPU
		{16C9720E-1875-4953-A03B-A290411B9DF4}.Release|x86.Build.0 = Release|Any CPU
		{077E849A-38B6-466F-A684-71F2F3B8A319}.Debug|Any CPU.ActiveCfg = Debug|Any CPU
		{077E849A-38B6-466F-A684-71F2F3B8A319}.Debug|Any CPU.Build.0 = Debug|Any CPU
		{077E849A-38B6-466F-A684-71F2F3B8A319}.Debug|x64.ActiveCfg = Debug|Any CPU
		{077E849A-38B6-466F-A684-71F2F3B8A319}.Debug|x64.Build.0 = Debug|Any CPU
		{077E849A-38B6-466F-A684-71F2F3B8A319}.Debug|x86.ActiveCfg = Debug|Any CPU
		{077E849A-38B6-466F-A684-71F2F3B8A319}.Debug|x86.Build.0 = Debug|Any CPU
		{077E849A-38B6-466F-A684-71F2F3B8A319}.Release|Any CPU.ActiveCfg = Release|Any CPU
		{077E849A-38B6-466F-A684-71F2F3B8A319}.Release|Any CPU.Build.0 = Release|Any CPU
		{077E849A-38B6-466F-A684-71F2F3B8A319}.Release|x64.ActiveCfg = Release|Any CPU
		{077E849A-38B6-466F-A684-71F2F3B8A319}.Release|x64.Build.0 = Release|Any CPU
		{077E849A-38B6-466F-A684-71F2F3B8A319}.Release|x86.ActiveCfg = Release|Any CPU
		{077E849A-38B6-466F-A684-71F2F3B8A319}.Release|x86.Build.0 = Release|Any CPU
		{F19152D1-D5F6-4ECA-B56F-B0FBB392DF7B}.Debug|Any CPU.ActiveCfg = Debug|Any CPU
		{F19152D1-D5F6-4ECA-B56F-B0FBB392DF7B}.Debug|Any CPU.Build.0 = Debug|Any CPU
		{F19152D1-D5F6-4ECA-B56F-B0FBB392DF7B}.Debug|x64.ActiveCfg = Debug|Any CPU
		{F19152D1-D5F6-4ECA-B56F-B0FBB392DF7B}.Debug|x64.Build.0 = Debug|Any CPU
		{F19152D1-D5F6-4ECA-B56F-B0FBB392DF7B}.Debug|x86.ActiveCfg = Debug|Any CPU
		{F19152D1-D5F6-4ECA-B56F-B0FBB392DF7B}.Debug|x86.Build.0 = Debug|Any CPU
		{F19152D1-D5F6-4ECA-B56F-B0FBB392DF7B}.Release|Any CPU.ActiveCfg = Release|Any CPU
		{F19152D1-D5F6-4ECA-B56F-B0FBB392DF7B}.Release|Any CPU.Build.0 = Release|Any CPU
		{F19152D1-D5F6-4ECA-B56F-B0FBB392DF7B}.Release|x64.ActiveCfg = Release|Any CPU
		{F19152D1-D5F6-4ECA-B56F-B0FBB392DF7B}.Release|x64.Build.0 = Release|Any CPU
		{F19152D1-D5F6-4ECA-B56F-B0FBB392DF7B}.Release|x86.ActiveCfg = Release|Any CPU
		{F19152D1-D5F6-4ECA-B56F-B0FBB392DF7B}.Release|x86.Build.0 = Release|Any CPU
	EndGlobalSection
	GlobalSection(NestedProjects) = preSolution
		{077E849A-38B6-466F-A684-71F2F3B8A319} = {4CC6C4A5-F59C-44CC-A50D-92B4358A1B6B}
		{F19152D1-D5F6-4ECA-B56F-B0FBB392DF7B} = {4CC6C4A5-F59C-44CC-A50D-92B4358A1B6B}
	EndGlobalSection
EndGlobal
