
Microsoft Visual Studio Solution File, Format Version 12.00
# Visual Studio Version 16
VisualStudioVersion = 16.0.29728.190
MinimumVisualStudioVersion = 10.0.40219.1
Project("{8BC9CEB8-8B4A-11D0-8D11-00A0C91BC942}") = "platform.kernel", "src\platform\platform.kernel.vcxproj", "{5F99F713-BF5F-44EB-90FE-FEA03906BBA9}"
EndProject
Project("{8BC9CEB8-8B4A-11D0-8D11-00A0C91BC942}") = "core.kernel", "src\core\core.kernel.vcxproj", "{E862BE76-298B-4021-8105-A3E115FA2900}"
EndProject
Project("{8BC9CEB8-8B4A-11D0-8D11-00A0C91BC942}") = "testlib.kernel", "src\test\lib\testlib.kernel.vcxproj", "{A295E4D7-A50A-4771-8383-608258C23442}"
	ProjectSection(ProjectDependencies) = postProject
		{5F99F713-BF5F-44EB-90FE-FEA03906BBA9} = {5F99F713-BF5F-44EB-90FE-FEA03906BBA9}
	EndProjectSection
EndProject
Project("{8BC9CEB8-8B4A-11D0-8D11-00A0C91BC942}") = "msquic.kernel", "src\bin\winkernel\msquic.kernel.vcxproj", "{C31B028C-E91C-4CF7-A8E7-F385B2AF5F85}"
EndProject
Project("{8BC9CEB8-8B4A-11D0-8D11-00A0C91BC942}") = "msquictest.kernel", "src\test\bin\winkernel\msquictest.kernel.vcxproj", "{49E98DF4-7BC5-4E0B-8F13-295380652F94}"
EndProject
Project("{8BC9CEB8-8B4A-11D0-8D11-00A0C91BC942}") = "manifest.kernel", "src\manifest\manifest.kernel.vcxproj", "{C1ADB76F-7005-4516-BADB-2A60797EF912}"
EndProject
Project("{8BC9CEB8-8B4A-11D0-8D11-00A0C91BC942}") = "perflib.kernel", "src\perf\lib\perflib.kernel.vcxproj", "{11633785-79CC-4C7D-AB6A-AECDF29A1FA7}"
EndProject
Project("{8BC9CEB8-8B4A-11D0-8D11-00A0C91BC942}") = "secnetperfdriverpriv.kernel", "src\perf\bin\secnetperfdriverpriv.kernel.vcxproj", "{2BE64DBF-60E6-4FE8-96B0-5F2526405096}"
EndProject
Project("{8BC9CEB8-8B4A-11D0-8D11-00A0C91BC942}") = "msquicpriv.kernel", "src\bin\winkernel\msquicpriv.kernel.vcxproj", "{E2DDB0A8-594D-424D-9ADD-4EF211F7FC3F}"
EndProject
Project("{8BC9CEB8-8B4A-11D0-8D11-00A0C91BC942}") = "msquictestpriv.kernel", "src\test\bin\winkernel\msquictestpriv.kernel.vcxproj", "{C8491270-B0BE-440C-B88D-7B441A8CB67E}"
EndProject
Project("{8BC9CEB8-8B4A-11D0-8D11-00A0C91BC942}") = "secnetperfdriver.kernel", "src\perf\bin\secnetperfdriver.kernel.vcxproj", "{1862CCD7-31D7-4869-A409-5B9B5EDF19BB}"
EndProject
Global
	GlobalSection(SolutionConfigurationPlatforms) = preSolution
		Debug|ARM64 = Debug|ARM64
		Debug|x64 = Debug|x64
		Release|ARM64 = Release|ARM64
		Release|x64 = Release|x64
	EndGlobalSection
	GlobalSection(ProjectConfigurationPlatforms) = postSolution
		{5F99F713-BF5F-44EB-90FE-FEA03906BBA9}.Debug|ARM64.ActiveCfg = Debug|ARM64
		{5F99F713-BF5F-44EB-90FE-FEA03906BBA9}.Debug|ARM64.Build.0 = Debug|ARM64
		{5F99F713-BF5F-44EB-90FE-FEA03906BBA9}.Debug|ARM64.Deploy.0 = Debug|ARM64
		{5F99F713-BF5F-44EB-90FE-FEA03906BBA9}.Debug|x64.ActiveCfg = Debug|x64
		{5F99F713-BF5F-44EB-90FE-FEA03906BBA9}.Debug|x64.Build.0 = Debug|x64
		{5F99F713-BF5F-44EB-90FE-FEA03906BBA9}.Debug|x64.Deploy.0 = Debug|x64
		{5F99F713-BF5F-44EB-90FE-FEA03906BBA9}.Release|ARM64.ActiveCfg = Release|ARM64
		{5F99F713-BF5F-44EB-90FE-FEA03906BBA9}.Release|ARM64.Build.0 = Release|ARM64
		{5F99F713-BF5F-44EB-90FE-FEA03906BBA9}.Release|ARM64.Deploy.0 = Release|ARM64
		{5F99F713-BF5F-44EB-90FE-FEA03906BBA9}.Release|x64.ActiveCfg = Release|x64
		{5F99F713-BF5F-44EB-90FE-FEA03906BBA9}.Release|x64.Build.0 = Release|x64
		{5F99F713-BF5F-44EB-90FE-FEA03906BBA9}.Release|x64.Deploy.0 = Release|x64
		{E862BE76-298B-4021-8105-A3E115FA2900}.Debug|ARM64.ActiveCfg = Debug|ARM64
		{E862BE76-298B-4021-8105-A3E115FA2900}.Debug|ARM64.Build.0 = Debug|ARM64
		{E862BE76-298B-4021-8105-A3E115FA2900}.Debug|ARM64.Deploy.0 = Debug|ARM64
		{E862BE76-298B-4021-8105-A3E115FA2900}.Debug|x64.ActiveCfg = Debug|x64
		{E862BE76-298B-4021-8105-A3E115FA2900}.Debug|x64.Build.0 = Debug|x64
		{E862BE76-298B-4021-8105-A3E115FA2900}.Debug|x64.Deploy.0 = Debug|x64
		{E862BE76-298B-4021-8105-A3E115FA2900}.Release|ARM64.ActiveCfg = Release|ARM64
		{E862BE76-298B-4021-8105-A3E115FA2900}.Release|ARM64.Build.0 = Release|ARM64
		{E862BE76-298B-4021-8105-A3E115FA2900}.Release|ARM64.Deploy.0 = Release|ARM64
		{E862BE76-298B-4021-8105-A3E115FA2900}.Release|x64.ActiveCfg = Release|x64
		{E862BE76-298B-4021-8105-A3E115FA2900}.Release|x64.Build.0 = Release|x64
		{E862BE76-298B-4021-8105-A3E115FA2900}.Release|x64.Deploy.0 = Release|x64
		{A295E4D7-A50A-4771-8383-608258C23442}.Debug|ARM64.ActiveCfg = Debug|ARM64
		{A295E4D7-A50A-4771-8383-608258C23442}.Debug|ARM64.Build.0 = Debug|ARM64
		{A295E4D7-A50A-4771-8383-608258C23442}.Debug|ARM64.Deploy.0 = Debug|ARM64
		{A295E4D7-A50A-4771-8383-608258C23442}.Debug|x64.ActiveCfg = Debug|x64
		{A295E4D7-A50A-4771-8383-608258C23442}.Debug|x64.Build.0 = Debug|x64
		{A295E4D7-A50A-4771-8383-608258C23442}.Debug|x64.Deploy.0 = Debug|x64
		{A295E4D7-A50A-4771-8383-608258C23442}.Release|ARM64.ActiveCfg = Release|ARM64
		{A295E4D7-A50A-4771-8383-608258C23442}.Release|ARM64.Build.0 = Release|ARM64
		{A295E4D7-A50A-4771-8383-608258C23442}.Release|ARM64.Deploy.0 = Release|ARM64
		{A295E4D7-A50A-4771-8383-608258C23442}.Release|x64.ActiveCfg = Release|x64
		{A295E4D7-A50A-4771-8383-608258C23442}.Release|x64.Build.0 = Release|x64
		{A295E4D7-A50A-4771-8383-608258C23442}.Release|x64.Deploy.0 = Release|x64
		{C31B028C-E91C-4CF7-A8E7-F385B2AF5F85}.Debug|ARM64.ActiveCfg = Debug|ARM64
		{C31B028C-E91C-4CF7-A8E7-F385B2AF5F85}.Debug|ARM64.Build.0 = Debug|ARM64
		{C31B028C-E91C-4CF7-A8E7-F385B2AF5F85}.Debug|ARM64.Deploy.0 = Debug|ARM64
		{C31B028C-E91C-4CF7-A8E7-F385B2AF5F85}.Debug|x64.ActiveCfg = Debug|x64
		{C31B028C-E91C-4CF7-A8E7-F385B2AF5F85}.Debug|x64.Build.0 = Debug|x64
		{C31B028C-E91C-4CF7-A8E7-F385B2AF5F85}.Debug|x64.Deploy.0 = Debug|x64
		{C31B028C-E91C-4CF7-A8E7-F385B2AF5F85}.Release|ARM64.ActiveCfg = Release|ARM64
		{C31B028C-E91C-4CF7-A8E7-F385B2AF5F85}.Release|ARM64.Build.0 = Release|ARM64
		{C31B028C-E91C-4CF7-A8E7-F385B2AF5F85}.Release|ARM64.Deploy.0 = Release|ARM64
		{C31B028C-E91C-4CF7-A8E7-F385B2AF5F85}.Release|x64.ActiveCfg = Release|x64
		{C31B028C-E91C-4CF7-A8E7-F385B2AF5F85}.Release|x64.Build.0 = Release|x64
		{C31B028C-E91C-4CF7-A8E7-F385B2AF5F85}.Release|x64.Deploy.0 = Release|x64
		{49E98DF4-7BC5-4E0B-8F13-295380652F94}.Debug|ARM64.ActiveCfg = Debug|ARM64
		{49E98DF4-7BC5-4E0B-8F13-295380652F94}.Debug|ARM64.Build.0 = Debug|ARM64
		{49E98DF4-7BC5-4E0B-8F13-295380652F94}.Debug|ARM64.Deploy.0 = Debug|ARM64
		{49E98DF4-7BC5-4E0B-8F13-295380652F94}.Debug|x64.ActiveCfg = Debug|x64
		{49E98DF4-7BC5-4E0B-8F13-295380652F94}.Debug|x64.Build.0 = Debug|x64
		{49E98DF4-7BC5-4E0B-8F13-295380652F94}.Debug|x64.Deploy.0 = Debug|x64
		{49E98DF4-7BC5-4E0B-8F13-295380652F94}.Release|ARM64.ActiveCfg = Release|ARM64
		{49E98DF4-7BC5-4E0B-8F13-295380652F94}.Release|ARM64.Build.0 = Release|ARM64
		{49E98DF4-7BC5-4E0B-8F13-295380652F94}.Release|ARM64.Deploy.0 = Release|ARM64
		{49E98DF4-7BC5-4E0B-8F13-295380652F94}.Release|x64.ActiveCfg = Release|x64
		{49E98DF4-7BC5-4E0B-8F13-295380652F94}.Release|x64.Build.0 = Release|x64
		{49E98DF4-7BC5-4E0B-8F13-295380652F94}.Release|x64.Deploy.0 = Release|x64
		{C1ADB76F-7005-4516-BADB-2A60797EF912}.Debug|ARM64.ActiveCfg = Debug|ARM64
		{C1ADB76F-7005-4516-BADB-2A60797EF912}.Debug|ARM64.Build.0 = Debug|ARM64
		{C1ADB76F-7005-4516-BADB-2A60797EF912}.Debug|ARM64.Deploy.0 = Debug|ARM64
		{C1ADB76F-7005-4516-BADB-2A60797EF912}.Debug|x64.ActiveCfg = Debug|x64
		{C1ADB76F-7005-4516-BADB-2A60797EF912}.Debug|x64.Build.0 = Debug|x64
		{C1ADB76F-7005-4516-BADB-2A60797EF912}.Debug|x64.Deploy.0 = Debug|x64
		{C1ADB76F-7005-4516-BADB-2A60797EF912}.Release|ARM64.ActiveCfg = Release|ARM64
		{C1ADB76F-7005-4516-BADB-2A60797EF912}.Release|ARM64.Build.0 = Release|ARM64
		{C1ADB76F-7005-4516-BADB-2A60797EF912}.Release|ARM64.Deploy.0 = Release|ARM64
		{C1ADB76F-7005-4516-BADB-2A60797EF912}.Release|x64.ActiveCfg = Release|x64
		{C1ADB76F-7005-4516-BADB-2A60797EF912}.Release|x64.Build.0 = Release|x64
		{C1ADB76F-7005-4516-BADB-2A60797EF912}.Release|x64.Deploy.0 = Release|x64
		{11633785-79CC-4C7D-AB6A-AECDF29A1FA7}.Debug|ARM64.ActiveCfg = Debug|ARM64
		{11633785-79CC-4C7D-AB6A-AECDF29A1FA7}.Debug|ARM64.Build.0 = Debug|ARM64
		{11633785-79CC-4C7D-AB6A-AECDF29A1FA7}.Debug|ARM64.Deploy.0 = Debug|ARM64
		{11633785-79CC-4C7D-AB6A-AECDF29A1FA7}.Debug|x64.ActiveCfg = Debug|x64
		{11633785-79CC-4C7D-AB6A-AECDF29A1FA7}.Debug|x64.Build.0 = Debug|x64
		{11633785-79CC-4C7D-AB6A-AECDF29A1FA7}.Debug|x64.Deploy.0 = Debug|x64
		{11633785-79CC-4C7D-AB6A-AECDF29A1FA7}.Release|ARM64.ActiveCfg = Release|ARM64
		{11633785-79CC-4C7D-AB6A-AECDF29A1FA7}.Release|ARM64.Build.0 = Release|ARM64
		{11633785-79CC-4C7D-AB6A-AECDF29A1FA7}.Release|ARM64.Deploy.0 = Release|ARM64
		{11633785-79CC-4C7D-AB6A-AECDF29A1FA7}.Release|x64.ActiveCfg = Release|x64
		{11633785-79CC-4C7D-AB6A-AECDF29A1FA7}.Release|x64.Build.0 = Release|x64
		{11633785-79CC-4C7D-AB6A-AECDF29A1FA7}.Release|x64.Deploy.0 = Release|x64
		{2BE64DBF-60E6-4FE8-96B0-5F2526405096}.Debug|ARM64.ActiveCfg = Debug|ARM64
		{2BE64DBF-60E6-4FE8-96B0-5F2526405096}.Debug|ARM64.Build.0 = Debug|ARM64
		{2BE64DBF-60E6-4FE8-96B0-5F2526405096}.Debug|ARM64.Deploy.0 = Debug|ARM64
		{2BE64DBF-60E6-4FE8-96B0-5F2526405096}.Debug|x64.ActiveCfg = Debug|x64
		{2BE64DBF-60E6-4FE8-96B0-5F2526405096}.Debug|x64.Build.0 = Debug|x64
		{2BE64DBF-60E6-4FE8-96B0-5F2526405096}.Debug|x64.Deploy.0 = Debug|x64
		{2BE64DBF-60E6-4FE8-96B0-5F2526405096}.Release|ARM64.ActiveCfg = Release|ARM64
		{2BE64DBF-60E6-4FE8-96B0-5F2526405096}.Release|ARM64.Build.0 = Release|ARM64
		{2BE64DBF-60E6-4FE8-96B0-5F2526405096}.Release|ARM64.Deploy.0 = Release|ARM64
		{2BE64DBF-60E6-4FE8-96B0-5F2526405096}.Release|x64.ActiveCfg = Release|x64
		{2BE64DBF-60E6-4FE8-96B0-5F2526405096}.Release|x64.Build.0 = Release|x64
		{2BE64DBF-60E6-4FE8-96B0-5F2526405096}.Release|x64.Deploy.0 = Release|x64
		{E2DDB0A8-594D-424D-9ADD-4EF211F7FC3F}.Debug|ARM64.ActiveCfg = Debug|ARM64
		{E2DDB0A8-594D-424D-9ADD-4EF211F7FC3F}.Debug|ARM64.Build.0 = Debug|ARM64
		{E2DDB0A8-594D-424D-9ADD-4EF211F7FC3F}.Debug|ARM64.Deploy.0 = Debug|ARM64
		{E2DDB0A8-594D-424D-9ADD-4EF211F7FC3F}.Debug|x64.ActiveCfg = Debug|x64
		{E2DDB0A8-594D-424D-9ADD-4EF211F7FC3F}.Debug|x64.Build.0 = Debug|x64
		{E2DDB0A8-594D-424D-9ADD-4EF211F7FC3F}.Debug|x64.Deploy.0 = Debug|x64
		{E2DDB0A8-594D-424D-9ADD-4EF211F7FC3F}.Release|ARM64.ActiveCfg = Release|ARM64
		{E2DDB0A8-594D-424D-9ADD-4EF211F7FC3F}.Release|ARM64.Build.0 = Release|ARM64
		{E2DDB0A8-594D-424D-9ADD-4EF211F7FC3F}.Release|ARM64.Deploy.0 = Release|ARM64
		{E2DDB0A8-594D-424D-9ADD-4EF211F7FC3F}.Release|x64.ActiveCfg = Release|x64
		{E2DDB0A8-594D-424D-9ADD-4EF211F7FC3F}.Release|x64.Build.0 = Release|x64
		{E2DDB0A8-594D-424D-9ADD-4EF211F7FC3F}.Release|x64.Deploy.0 = Release|x64
		{C8491270-B0BE-440C-B88D-7B441A8CB67E}.Debug|ARM64.ActiveCfg = Debug|ARM64
		{C8491270-B0BE-440C-B88D-7B441A8CB67E}.Debug|ARM64.Build.0 = Debug|ARM64
		{C8491270-B0BE-440C-B88D-7B441A8CB67E}.Debug|ARM64.Deploy.0 = Debug|ARM64
		{C8491270-B0BE-440C-B88D-7B441A8CB67E}.Debug|x64.ActiveCfg = Debug|x64
		{C8491270-B0BE-440C-B88D-7B441A8CB67E}.Debug|x64.Build.0 = Debug|x64
		{C8491270-B0BE-440C-B88D-7B441A8CB67E}.Debug|x64.Deploy.0 = Debug|x64
		{C8491270-B0BE-440C-B88D-7B441A8CB67E}.Release|ARM64.ActiveCfg = Release|ARM64
		{C8491270-B0BE-440C-B88D-7B441A8CB67E}.Release|ARM64.Build.0 = Release|ARM64
		{C8491270-B0BE-440C-B88D-7B441A8CB67E}.Release|ARM64.Deploy.0 = Release|ARM64
		{C8491270-B0BE-440C-B88D-7B441A8CB67E}.Release|x64.ActiveCfg = Release|x64
		{C8491270-B0BE-440C-B88D-7B441A8CB67E}.Release|x64.Build.0 = Release|x64
		{C8491270-B0BE-440C-B88D-7B441A8CB67E}.Release|x64.Deploy.0 = Release|x64
		{1862CCD7-31D7-4869-A409-5B9B5EDF19BB}.Debug|ARM64.ActiveCfg = Debug|ARM64
		{1862CCD7-31D7-4869-A409-5B9B5EDF19BB}.Debug|ARM64.Build.0 = Debug|ARM64
		{1862CCD7-31D7-4869-A409-5B9B5EDF19BB}.Debug|ARM64.Deploy.0 = Debug|ARM64
		{1862CCD7-31D7-4869-A409-5B9B5EDF19BB}.Debug|x64.ActiveCfg = Debug|x64
		{1862CCD7-31D7-4869-A409-5B9B5EDF19BB}.Debug|x64.Build.0 = Debug|x64
		{1862CCD7-31D7-4869-A409-5B9B5EDF19BB}.Debug|x64.Deploy.0 = Debug|x64
		{1862CCD7-31D7-4869-A409-5B9B5EDF19BB}.Release|ARM64.ActiveCfg = Release|ARM64
		{1862CCD7-31D7-4869-A409-5B9B5EDF19BB}.Release|ARM64.Build.0 = Release|ARM64
		{1862CCD7-31D7-4869-A409-5B9B5EDF19BB}.Release|ARM64.Deploy.0 = Release|ARM64
		{1862CCD7-31D7-4869-A409-5B9B5EDF19BB}.Release|x64.ActiveCfg = Release|x64
		{1862CCD7-31D7-4869-A409-5B9B5EDF19BB}.Release|x64.Build.0 = Release|x64
		{1862CCD7-31D7-4869-A409-5B9B5EDF19BB}.Release|x64.Deploy.0 = Release|x64
	EndGlobalSection
	GlobalSection(SolutionProperties) = preSolution
		HideSolutionNode = FALSE
	EndGlobalSection
	GlobalSection(ExtensibilityGlobals) = postSolution
		SolutionGuid = {73EF00B9-A990-4E4D-9759-84F4E2094268}
	EndGlobalSection
EndGlobal
