
Microsoft Visual Studio Solution File, Format Version 12.00
# Visual Studio Version 16
VisualStudioVersion = 16.0.29215.179
MinimumVisualStudioVersion = 10.0.40219.1
Project("{8BC9CEB8-8B4A-11D0-8D11-00A0C91BC942}") = "core", "core\winuser\core.vcxproj", "{3707C7BF-99F4-4D1B-94A6-926A246578EF}"
	ProjectSection(ProjectDependencies) = postProject
		{0FE9CF1E-9D39-4D2A-99CD-8C255EB33515} = {0FE9CF1E-9D39-4D2A-99CD-8C255EB33515}
	EndProjectSection
EndProject
Project("{8BC9CEB8-8B4A-11D0-8D11-00A0C91BC942}") = "platform", "platform\winuser\platform.vcxproj", "{0FE9CF1E-9D39-4D2A-99CD-8C255EB33515}"
EndProject
Project("{8BC9CEB8-8B4A-11D0-8D11-00A0C91BC942}") = "bin", "bin\winuser\bin.vcxproj", "{6990B1E1-2B70-465B-8FEC-2163879AF98A}"
EndProject
Project("{2150E333-8FDC-42A3-9474-1A3956D46DE8}") = "msquic", "msquic", "{8F8EE1E7-EC47-42E6-9E0B-3045E12D4F8C}"
EndProject
Project("{2150E333-8FDC-42A3-9474-1A3956D46DE8}") = "tools", "tools", "{CDEC6665-89CD-4188-B7B4-364198F96CFD}"
EndProject
Project("{2150E333-8FDC-42A3-9474-1A3956D46DE8}") = "tests", "tests", "{49AE57CF-C2E8-437D-89D8-C42504E70B15}"
EndProject
Project("{8BC9CEB8-8B4A-11D0-8D11-00A0C91BC942}") = "test_lib", "test\lib\winuser\test_lib.vcxproj", "{FDAC4362-5D0B-4D3A-89B4-FFBC8AD339E6}"
	ProjectSection(ProjectDependencies) = postProject
		{0FE9CF1E-9D39-4D2A-99CD-8C255EB33515} = {0FE9CF1E-9D39-4D2A-99CD-8C255EB33515}
	EndProjectSection
EndProject
Project("{8BC9CEB8-8B4A-11D0-8D11-00A0C91BC942}") = "test_bin", "test\bin\winuser\test_bin.vcxproj", "{A037CE21-FA4A-4F8B-9396-74AA323392B8}"
EndProject
Project("{8BC9CEB8-8B4A-11D0-8D11-00A0C91BC942}") = "attack", "tools\attack\winuser\attack.vcxproj", "{65FA3854-7554-457E-BA27-19029BCC41EE}"
EndProject
Project("{8BC9CEB8-8B4A-11D0-8D11-00A0C91BC942}") = "ping", "tools\ping\winuser\ping.vcxproj", "{4EA192D5-9F6D-409F-8014-E5DC48867A6A}"
EndProject
Global
	GlobalSection(SolutionConfigurationPlatforms) = preSolution
		Debug|x64 = Debug|x64
		Debug|x86 = Debug|x86
		Release|x64 = Release|x64
		Release|x86 = Release|x86
	EndGlobalSection
	GlobalSection(ProjectConfigurationPlatforms) = postSolution
		{3707C7BF-99F4-4D1B-94A6-926A246578EF}.Debug|x64.ActiveCfg = Debug|x64
		{3707C7BF-99F4-4D1B-94A6-926A246578EF}.Debug|x64.Build.0 = Debug|x64
		{3707C7BF-99F4-4D1B-94A6-926A246578EF}.Debug|x86.ActiveCfg = Debug|Win32
		{3707C7BF-99F4-4D1B-94A6-926A246578EF}.Debug|x86.Build.0 = Debug|Win32
		{3707C7BF-99F4-4D1B-94A6-926A246578EF}.Release|x64.ActiveCfg = Release|x64
		{3707C7BF-99F4-4D1B-94A6-926A246578EF}.Release|x64.Build.0 = Release|x64
		{3707C7BF-99F4-4D1B-94A6-926A246578EF}.Release|x86.ActiveCfg = Release|Win32
		{3707C7BF-99F4-4D1B-94A6-926A246578EF}.Release|x86.Build.0 = Release|Win32
		{0FE9CF1E-9D39-4D2A-99CD-8C255EB33515}.Debug|x64.ActiveCfg = Debug|x64
		{0FE9CF1E-9D39-4D2A-99CD-8C255EB33515}.Debug|x64.Build.0 = Debug|x64
		{0FE9CF1E-9D39-4D2A-99CD-8C255EB33515}.Debug|x86.ActiveCfg = Debug|Win32
		{0FE9CF1E-9D39-4D2A-99CD-8C255EB33515}.Debug|x86.Build.0 = Debug|Win32
		{0FE9CF1E-9D39-4D2A-99CD-8C255EB33515}.Release|x64.ActiveCfg = Release|x64
		{0FE9CF1E-9D39-4D2A-99CD-8C255EB33515}.Release|x64.Build.0 = Release|x64
		{0FE9CF1E-9D39-4D2A-99CD-8C255EB33515}.Release|x86.ActiveCfg = Release|Win32
		{0FE9CF1E-9D39-4D2A-99CD-8C255EB33515}.Release|x86.Build.0 = Release|Win32
		{6990B1E1-2B70-465B-8FEC-2163879AF98A}.Debug|x64.ActiveCfg = Debug|x64
		{6990B1E1-2B70-465B-8FEC-2163879AF98A}.Debug|x64.Build.0 = Debug|x64
		{6990B1E1-2B70-465B-8FEC-2163879AF98A}.Debug|x86.ActiveCfg = Debug|Win32
		{6990B1E1-2B70-465B-8FEC-2163879AF98A}.Debug|x86.Build.0 = Debug|Win32
		{6990B1E1-2B70-465B-8FEC-2163879AF98A}.Release|x64.ActiveCfg = Release|x64
		{6990B1E1-2B70-465B-8FEC-2163879AF98A}.Release|x64.Build.0 = Release|x64
		{6990B1E1-2B70-465B-8FEC-2163879AF98A}.Release|x86.ActiveCfg = Release|Win32
		{6990B1E1-2B70-465B-8FEC-2163879AF98A}.Release|x86.Build.0 = Release|Win32
		{FDAC4362-5D0B-4D3A-89B4-FFBC8AD339E6}.Debug|x64.ActiveCfg = Debug|x64
		{FDAC4362-5D0B-4D3A-89B4-FFBC8AD339E6}.Debug|x64.Build.0 = Debug|x64
		{FDAC4362-5D0B-4D3A-89B4-FFBC8AD339E6}.Debug|x86.ActiveCfg = Debug|Win32
		{FDAC4362-5D0B-4D3A-89B4-FFBC8AD339E6}.Debug|x86.Build.0 = Debug|Win32
		{FDAC4362-5D0B-4D3A-89B4-FFBC8AD339E6}.Release|x64.ActiveCfg = Release|x64
		{FDAC4362-5D0B-4D3A-89B4-FFBC8AD339E6}.Release|x64.Build.0 = Release|x64
		{FDAC4362-5D0B-4D3A-89B4-FFBC8AD339E6}.Release|x86.ActiveCfg = Release|Win32
		{FDAC4362-5D0B-4D3A-89B4-FFBC8AD339E6}.Release|x86.Build.0 = Release|Win32
		{A037CE21-FA4A-4F8B-9396-74AA323392B8}.Debug|x64.ActiveCfg = Debug|x64
		{A037CE21-FA4A-4F8B-9396-74AA323392B8}.Debug|x64.Build.0 = Debug|x64
		{A037CE21-FA4A-4F8B-9396-74AA323392B8}.Debug|x86.ActiveCfg = Debug|Win32
		{A037CE21-FA4A-4F8B-9396-74AA323392B8}.Debug|x86.Build.0 = Debug|Win32
		{A037CE21-FA4A-4F8B-9396-74AA323392B8}.Release|x64.ActiveCfg = Release|x64
		{A037CE21-FA4A-4F8B-9396-74AA323392B8}.Release|x64.Build.0 = Release|x64
		{A037CE21-FA4A-4F8B-9396-74AA323392B8}.Release|x86.ActiveCfg = Release|Win32
		{A037CE21-FA4A-4F8B-9396-74AA323392B8}.Release|x86.Build.0 = Release|Win32
		{65FA3854-7554-457E-BA27-19029BCC41EE}.Debug|x64.ActiveCfg = Debug|x64
		{65FA3854-7554-457E-BA27-19029BCC41EE}.Debug|x64.Build.0 = Debug|x64
		{65FA3854-7554-457E-BA27-19029BCC41EE}.Debug|x86.ActiveCfg = Debug|Win32
		{65FA3854-7554-457E-BA27-19029BCC41EE}.Debug|x86.Build.0 = Debug|Win32
		{65FA3854-7554-457E-BA27-19029BCC41EE}.Release|x64.ActiveCfg = Release|x64
		{65FA3854-7554-457E-BA27-19029BCC41EE}.Release|x64.Build.0 = Release|x64
		{65FA3854-7554-457E-BA27-19029BCC41EE}.Release|x86.ActiveCfg = Release|Win32
		{65FA3854-7554-457E-BA27-19029BCC41EE}.Release|x86.Build.0 = Release|Win32
		{4EA192D5-9F6D-409F-8014-E5DC48867A6A}.Debug|x64.ActiveCfg = Debug|x64
		{4EA192D5-9F6D-409F-8014-E5DC48867A6A}.Debug|x64.Build.0 = Debug|x64
		{4EA192D5-9F6D-409F-8014-E5DC48867A6A}.Debug|x86.ActiveCfg = Debug|Win32
		{4EA192D5-9F6D-409F-8014-E5DC48867A6A}.Debug|x86.Build.0 = Debug|Win32
		{4EA192D5-9F6D-409F-8014-E5DC48867A6A}.Release|x64.ActiveCfg = Release|x64
		{4EA192D5-9F6D-409F-8014-E5DC48867A6A}.Release|x64.Build.0 = Release|x64
		{4EA192D5-9F6D-409F-8014-E5DC48867A6A}.Release|x86.ActiveCfg = Release|Win32
		{4EA192D5-9F6D-409F-8014-E5DC48867A6A}.Release|x86.Build.0 = Release|Win32
	EndGlobalSection
	GlobalSection(SolutionProperties) = preSolution
		HideSolutionNode = FALSE
	EndGlobalSection
	GlobalSection(NestedProjects) = preSolution
		{3707C7BF-99F4-4D1B-94A6-926A246578EF} = {8F8EE1E7-EC47-42E6-9E0B-3045E12D4F8C}
		{0FE9CF1E-9D39-4D2A-99CD-8C255EB33515} = {8F8EE1E7-EC47-42E6-9E0B-3045E12D4F8C}
		{6990B1E1-2B70-465B-8FEC-2163879AF98A} = {8F8EE1E7-EC47-42E6-9E0B-3045E12D4F8C}
		{FDAC4362-5D0B-4D3A-89B4-FFBC8AD339E6} = {49AE57CF-C2E8-437D-89D8-C42504E70B15}
		{A037CE21-FA4A-4F8B-9396-74AA323392B8} = {49AE57CF-C2E8-437D-89D8-C42504E70B15}
		{65FA3854-7554-457E-BA27-19029BCC41EE} = {CDEC6665-89CD-4188-B7B4-364198F96CFD}
		{4EA192D5-9F6D-409F-8014-E5DC48867A6A} = {CDEC6665-89CD-4188-B7B4-364198F96CFD}
	EndGlobalSection
	GlobalSection(ExtensibilityGlobals) = postSolution
		SolutionGuid = {B171D5B9-C59B-4F45-A093-1FA5BB42B75C}
	EndGlobalSection
EndGlobal
