
Microsoft Visual Studio Solution File, Format Version 12.00
# Visual Studio Version 16
VisualStudioVersion = 16.0.30204.135
MinimumVisualStudioVersion = 10.0.40219.1
Project("{9A19103F-16F7-4668-BE54-9A1E7A4F7556}") = "QuicPerformanceDataServer", "dbserver\QuicPerformanceDataServer.csproj", "{7FE5BE63-A5D1-4182-A196-502E9329040D}"
EndProject
Global
	GlobalSection(SolutionConfigurationPlatforms) = preSolution
		Debug|Any CPU = Debug|Any CPU
		Release|Any CPU = Release|Any CPU
	EndGlobalSection
	GlobalSection(ProjectConfigurationPlatforms) = postSolution
		{7FE5BE63-A5D1-4182-A196-502E9329040D}.Debug|Any CPU.ActiveCfg = Debug|Any CPU
		{7FE5BE63-A5D1-4182-A196-502E9329040D}.Debug|Any CPU.Build.0 = Debug|Any CPU
		{7FE5BE63-A5D1-4182-A196-502E9329040D}.Release|Any CPU.ActiveCfg = Release|Any CPU
		{7FE5BE63-A5D1-4182-A196-502E9329040D}.Release|Any CPU.Build.0 = Release|Any CPU
	EndGlobalSection
	GlobalSection(SolutionProperties) = preSolution
		HideSolutionNode = FALSE
	EndGlobalSection
	GlobalSection(ExtensibilityGlobals) = postSolution
		SolutionGuid = {7B4FEA1C-A574-43BD-B4BE-30838D534A24}
	EndGlobalSection
EndGlobal
