
Microsoft Visual Studio Solution File, Format Version 12.00
# Visual Studio Version 17
VisualStudioVersion = 17.1.31911.260
MinimumVisualStudioVersion = 10.0.40219.1
Project("{9A19103F-16F7-4668-BE54-9A1E7A4F7556}") = "QuicTraceLib", "trace\dll\QuicTraceLib.csproj", "{CCE5ECE9-8DCD-4E3F-8389-D48B728355DF}"
EndProject
Project("{9A19103F-16F7-4668-BE54-9A1E7A4F7556}") = "QuicTrace", "trace\exe\QuicTrace.csproj", "{8A55FED8-CF16-4BD1-AB7B-41C9BD3E91CC}"
EndProject
Global
	GlobalSection(SolutionConfigurationPlatforms) = preSolution
		Debug|Any CPU = Debug|Any CPU
		Release|Any CPU = Release|Any CPU
	EndGlobalSection
	GlobalSection(ProjectConfigurationPlatforms) = postSolution
		{CCE5ECE9-8DCD-4E3F-8389-D48B728355DF}.Debug|Any CPU.ActiveCfg = Debug|Any CPU
		{CCE5ECE9-8DCD-4E3F-8389-D48B728355DF}.Debug|Any CPU.Build.0 = Debug|Any CPU
		{CCE5ECE9-8DCD-4E3F-8389-D48B728355DF}.Release|Any CPU.ActiveCfg = Release|Any CPU
		{CCE5ECE9-8DCD-4E3F-8389-D48B728355DF}.Release|Any CPU.Build.0 = Release|Any CPU
		{8A55FED8-CF16-4BD1-AB7B-41C9BD3E91CC}.Debug|Any CPU.ActiveCfg = Debug|Any CPU
		{8A55FED8-CF16-4BD1-AB7B-41C9BD3E91CC}.Debug|Any CPU.Build.0 = Debug|Any CPU
		{8A55FED8-CF16-4BD1-AB7B-41C9BD3E91CC}.Release|Any CPU.ActiveCfg = Release|Any CPU
		{8A55FED8-CF16-4BD1-AB7B-41C9BD3E91CC}.Release|Any CPU.Build.0 = Release|Any CPU
	EndGlobalSection
	GlobalSection(SolutionProperties) = preSolution
		HideSolutionNode = FALSE
	EndGlobalSection
	GlobalSection(ExtensibilityGlobals) = postSolution
		SolutionGuid = {10A2939A-EF55-4506-98B6-64ADA8694DC4}
	EndGlobalSection
EndGlobal
